
Microsoft Visual Studio Solution File, Format Version 12.00
# Visual Studio Version 16
VisualStudioVersion = 16.0.29025.244
MinimumVisualStudioVersion = 10.0.40219.1
Project("{FAE04EC0-301F-11D3-BF4B-00C04F79EFBC}") = "CodeSample", "CodeSample\CodeSample.csproj", "{A3B94550-47AC-4FB9-9DB2-63F1BFBEF38A}"
EndProject
Project("{2150E333-8FDC-42A3-9474-1A3956D46DE8}") = "Solution Items", "Solution Items", "{0F7ED83A-AC72-4C96-BD09-6C8295044A81}"
	ProjectSection(SolutionItems) = preProject
		..\README.md = ..\README.md
	EndProjectSection
EndProject
Global
	GlobalSection(SolutionConfigurationPlatforms) = preSolution
		Debug|Any CPU = Debug|Any CPU
		Release|Any CPU = Release|Any CPU
	EndGlobalSection
	GlobalSection(ProjectConfigurationPlatforms) = postSolution
		{A3B94550-47AC-4FB9-9DB2-63F1BFBEF38A}.Debug|Any CPU.ActiveCfg = Debug|Any CPU
		{A3B94550-47AC-4FB9-9DB2-63F1BFBEF38A}.Debug|Any CPU.Build.0 = Debug|Any CPU
		{A3B94550-47AC-4FB9-9DB2-63F1BFBEF38A}.Release|Any CPU.ActiveCfg = Release|Any CPU
		{A3B94550-47AC-4FB9-9DB2-63F1BFBEF38A}.Release|Any CPU.Build.0 = Release|Any CPU
	EndGlobalSection
	GlobalSection(SolutionProperties) = preSolution
		HideSolutionNode = FALSE
	EndGlobalSection
	GlobalSection(ExtensibilityGlobals) = postSolution
		SolutionGuid = {03816058-635F-41A2-B82F-74B12F7F57C1}
	EndGlobalSection
EndGlobal
